
Microsoft Visual Studio Solution File, Format Version 12.00
# Visual Studio Version 17
VisualStudioVersion = 17.0.32112.339
MinimumVisualStudioVersion = 10.0.40219.1
Project("{FAE04EC0-301F-11D3-BF4B-00C04F79EFBC}") = "metotlar", "metotlar.csproj", "{A78F473A-BDD1-460A-B450-D8E97C7A1A21}"
EndProject
Global
	GlobalSection(SolutionConfigurationPlatforms) = preSolution
		Debug|Any CPU = Debug|Any CPU
		Release|Any CPU = Release|Any CPU
	EndGlobalSection
	GlobalSection(ProjectConfigurationPlatforms) = postSolution
		{A78F473A-BDD1-460A-B450-D8E97C7A1A21}.Debug|Any CPU.ActiveCfg = Debug|Any CPU
		{A78F473A-BDD1-460A-B450-D8E97C7A1A21}.Debug|Any CPU.Build.0 = Debug|Any CPU
		{A78F473A-BDD1-460A-B450-D8E97C7A1A21}.Release|Any CPU.ActiveCfg = Release|Any CPU
		{A78F473A-BDD1-460A-B450-D8E97C7A1A21}.Release|Any CPU.Build.0 = Release|Any CPU
	EndGlobalSection
	GlobalSection(SolutionProperties) = preSolution
		HideSolutionNode = FALSE
	EndGlobalSection
	GlobalSection(ExtensibilityGlobals) = postSolution
		SolutionGuid = {F24D29D4-5213-497E-8F51-CBF938343F07}
	EndGlobalSection
EndGlobal
